
Microsoft Visual Studio Solution File, Format Version 12.00
# Visual Studio Version 17
VisualStudioVersion = 17.11.35327.3
MinimumVisualStudioVersion = 10.0.40219.1
Project("{FAE04EC0-301F-11D3-BF4B-00C04F79EFBC}") = "zachet", "zachet\zachet.csproj", "{56AC6286-10C0-4EC4-A661-3ACF01D8ADFF}"
EndProject
Global
	GlobalSection(SolutionConfigurationPlatforms) = preSolution
		Debug|Any CPU = Debug|Any CPU
		Release|Any CPU = Release|Any CPU
	EndGlobalSection
	GlobalSection(ProjectConfigurationPlatforms) = postSolution
		{56AC6286-10C0-4EC4-A661-3ACF01D8ADFF}.Debug|Any CPU.ActiveCfg = Debug|Any CPU
		{56AC6286-10C0-4EC4-A661-3ACF01D8ADFF}.Debug|Any CPU.Build.0 = Debug|Any CPU
		{56AC6286-10C0-4EC4-A661-3ACF01D8ADFF}.Release|Any CPU.ActiveCfg = Release|Any CPU
		{56AC6286-10C0-4EC4-A661-3ACF01D8ADFF}.Release|Any CPU.Build.0 = Release|Any CPU
	EndGlobalSection
	GlobalSection(SolutionProperties) = preSolution
		HideSolutionNode = FALSE
	EndGlobalSection
	GlobalSection(ExtensibilityGlobals) = postSolution
		SolutionGuid = {EFDCC5BD-9FBB-4B5A-9E81-8E052D66437E}
	EndGlobalSection
EndGlobal
